
Microsoft Visual Studio Solution File, Format Version 12.00
# Visual Studio Version 16
VisualStudioVersion = 16.0.33529.622
MinimumVisualStudioVersion = 10.0.40219.1
Project("{FAE04EC0-301F-11D3-BF4B-00C04F79EFBC}") = "WebApiHelacorTorataEF", "WebApiHelacorTorataEF\WebApiHelacorTorataEF.csproj", "{6FE89CC0-CD69-4E4D-9E7D-68D4F187EFEA}"
EndProject
Global
	GlobalSection(SolutionConfigurationPlatforms) = preSolution
		Debug|Any CPU = Debug|Any CPU
		Release|Any CPU = Release|Any CPU
	EndGlobalSection
	GlobalSection(ProjectConfigurationPlatforms) = postSolution
		{6FE89CC0-CD69-4E4D-9E7D-68D4F187EFEA}.Debug|Any CPU.ActiveCfg = Debug|Any CPU
		{6FE89CC0-CD69-4E4D-9E7D-68D4F187EFEA}.Debug|Any CPU.Build.0 = Debug|Any CPU
		{6FE89CC0-CD69-4E4D-9E7D-68D4F187EFEA}.Release|Any CPU.ActiveCfg = Release|Any CPU
		{6FE89CC0-CD69-4E4D-9E7D-68D4F187EFEA}.Release|Any CPU.Build.0 = Release|Any CPU
	EndGlobalSection
	GlobalSection(SolutionProperties) = preSolution
		HideSolutionNode = FALSE
	EndGlobalSection
	GlobalSection(ExtensibilityGlobals) = postSolution
		SolutionGuid = {F684EEE6-2F18-499A-81CF-40D44E33518D}
	EndGlobalSection
EndGlobal
